
Microsoft Visual Studio Solution File, Format Version 12.00
# Visual Studio Version 17
VisualStudioVersion = 17.8.34330.188
MinimumVisualStudioVersion = 10.0.40219.1
Project("{9A19103F-16F7-4668-BE54-9A1E7A4F7556}") = "ChallengeApp", "ChallengeApp\ChallengeApp.csproj", "{5233A27A-236D-47FB-8048-C4CA01607FE7}"
EndProject
Project("{FAE04EC0-301F-11D3-BF4B-00C04F79EFBC}") = "ChallengeApp.Test", "ChallengeApp.Test\ChallengeApp.Test.csproj", "{1F635873-2C92-4DB0-B8B2-0D94721E2865}"
EndProject
Global
	GlobalSection(SolutionConfigurationPlatforms) = preSolution
		Debug|Any CPU = Debug|Any CPU
		Release|Any CPU = Release|Any CPU
	EndGlobalSection
	GlobalSection(ProjectConfigurationPlatforms) = postSolution
		{5233A27A-236D-47FB-8048-C4CA01607FE7}.Debug|Any CPU.ActiveCfg = Debug|Any CPU
		{5233A27A-236D-47FB-8048-C4CA01607FE7}.Debug|Any CPU.Build.0 = Debug|Any CPU
		{5233A27A-236D-47FB-8048-C4CA01607FE7}.Release|Any CPU.ActiveCfg = Release|Any CPU
		{5233A27A-236D-47FB-8048-C4CA01607FE7}.Release|Any CPU.Build.0 = Release|Any CPU
		{1F635873-2C92-4DB0-B8B2-0D94721E2865}.Debug|Any CPU.ActiveCfg = Debug|Any CPU
		{1F635873-2C92-4DB0-B8B2-0D94721E2865}.Debug|Any CPU.Build.0 = Debug|Any CPU
		{1F635873-2C92-4DB0-B8B2-0D94721E2865}.Release|Any CPU.ActiveCfg = Release|Any CPU
		{1F635873-2C92-4DB0-B8B2-0D94721E2865}.Release|Any CPU.Build.0 = Release|Any CPU
	EndGlobalSection
	GlobalSection(SolutionProperties) = preSolution
		HideSolutionNode = FALSE
	EndGlobalSection
	GlobalSection(ExtensibilityGlobals) = postSolution
		SolutionGuid = {646D1D31-6DA5-4D9A-8A06-2318BC84257D}
	EndGlobalSection
EndGlobal
